
Microsoft Visual Studio Solution File, Format Version 12.00
# Visual Studio Version 17
VisualStudioVersion = 17.2.32602.215
MinimumVisualStudioVersion = 10.0.40219.1
Project("{8BC9CEB8-8B4A-11D0-8D11-00A0C91BC942}") = "배열문제2", "배열문제2\배열문제2.vcxproj", "{40C1F878-4281-4E3B-9045-89CC1F136FB3}"
EndProject
Global
	GlobalSection(SolutionConfigurationPlatforms) = preSolution
		Debug|x64 = Debug|x64
		Debug|x86 = Debug|x86
		Release|x64 = Release|x64
		Release|x86 = Release|x86
	EndGlobalSection
	GlobalSection(ProjectConfigurationPlatforms) = postSolution
		{40C1F878-4281-4E3B-9045-89CC1F136FB3}.Debug|x64.ActiveCfg = Debug|x64
		{40C1F878-4281-4E3B-9045-89CC1F136FB3}.Debug|x64.Build.0 = Debug|x64
		{40C1F878-4281-4E3B-9045-89CC1F136FB3}.Debug|x86.ActiveCfg = Debug|Win32
		{40C1F878-4281-4E3B-9045-89CC1F136FB3}.Debug|x86.Build.0 = Debug|Win32
		{40C1F878-4281-4E3B-9045-89CC1F136FB3}.Release|x64.ActiveCfg = Release|x64
		{40C1F878-4281-4E3B-9045-89CC1F136FB3}.Release|x64.Build.0 = Release|x64
		{40C1F878-4281-4E3B-9045-89CC1F136FB3}.Release|x86.ActiveCfg = Release|Win32
		{40C1F878-4281-4E3B-9045-89CC1F136FB3}.Release|x86.Build.0 = Release|Win32
	EndGlobalSection
	GlobalSection(SolutionProperties) = preSolution
		HideSolutionNode = FALSE
	EndGlobalSection
	GlobalSection(ExtensibilityGlobals) = postSolution
		SolutionGuid = {8294C6C0-82AB-480D-A2D3-6BB0BE2AE497}
	EndGlobalSection
EndGlobal
