
Microsoft Visual Studio Solution File, Format Version 12.00
# Visual Studio Version 17
VisualStudioVersion = 17.2.32602.215
MinimumVisualStudioVersion = 10.0.40219.1
Project("{8BC9CEB8-8B4A-11D0-8D11-00A0C91BC942}") = "배열2", "배열2\배열2.vcxproj", "{E455B4A9-1054-4955-9F96-543C8CCC6EC8}"
EndProject
Global
	GlobalSection(SolutionConfigurationPlatforms) = preSolution
		Debug|x64 = Debug|x64
		Debug|x86 = Debug|x86
		Release|x64 = Release|x64
		Release|x86 = Release|x86
	EndGlobalSection
	GlobalSection(ProjectConfigurationPlatforms) = postSolution
		{E455B4A9-1054-4955-9F96-543C8CCC6EC8}.Debug|x64.ActiveCfg = Debug|x64
		{E455B4A9-1054-4955-9F96-543C8CCC6EC8}.Debug|x64.Build.0 = Debug|x64
		{E455B4A9-1054-4955-9F96-543C8CCC6EC8}.Debug|x86.ActiveCfg = Debug|Win32
		{E455B4A9-1054-4955-9F96-543C8CCC6EC8}.Debug|x86.Build.0 = Debug|Win32
		{E455B4A9-1054-4955-9F96-543C8CCC6EC8}.Release|x64.ActiveCfg = Release|x64
		{E455B4A9-1054-4955-9F96-543C8CCC6EC8}.Release|x64.Build.0 = Release|x64
		{E455B4A9-1054-4955-9F96-543C8CCC6EC8}.Release|x86.ActiveCfg = Release|Win32
		{E455B4A9-1054-4955-9F96-543C8CCC6EC8}.Release|x86.Build.0 = Release|Win32
	EndGlobalSection
	GlobalSection(SolutionProperties) = preSolution
		HideSolutionNode = FALSE
	EndGlobalSection
	GlobalSection(ExtensibilityGlobals) = postSolution
		SolutionGuid = {FBA77159-7BEB-488D-B938-53F993E936AD}
	EndGlobalSection
EndGlobal
